{
    "_readme": [
        "This file locks the dependencies of your project to a known state",
        "Read more about it at https://getcomposer.org/doc/01-basic-usage.md#installing-dependencies",
        "This file is @generated automatically"
    ],
    "content-hash": "356cf690f578749122097df048db2d15",
    "packages": [
        {
            "name": "phpstan/phpdoc-parser",
            "version": "0.4.3",
            "source": {
                "type": "git",
                "url": "https://github.com/phpstan/phpdoc-parser.git",
                "reference": "928179efc5368145a8b03cb20d58cb3f3136afae"
            },
            "dist": {
                "type": "zip",
                "url": "https://api.github.com/repos/phpstan/phpdoc-parser/zipball/928179efc5368145a8b03cb20d58cb3f3136afae",
                "reference": "928179efc5368145a8b03cb20d58cb3f3136afae",
                "shasum": ""
            },
            "require": {
                "php": "~7.1"
            },
            "require-dev": {
                "consistence/coding-standard": "^3.5",
                "ergebnis/composer-normalize": "^2.0.2",
                "jakub-onderka/php-parallel-lint": "^0.9.2",
                "phing/phing": "^2.16.0",
                "phpstan/extension-installer": "^1.0",
                "phpstan/phpstan": "^0.12",
                "phpstan/phpstan-strict-rules": "^0.12",
                "phpunit/phpunit": "^6.3",
                "slevomat/coding-standard": "^4.7.2",
                "symfony/process": "^4.0"
            },
            "type": "library",
            "extra": {
                "branch-alias": {
                    "dev-master": "0.4-dev"
                }
            },
            "autoload": {
                "psr-4": {
                    "PHPStan\\PhpDocParser\\": [
                        "src/"
                    ]
                }
            },
            "notification-url": "https://packagist.org/downloads/",
            "license": [
                "MIT"
            ],
            "description": "PHPDoc parser with support for nullable, intersection and generic types",
            "time": "2020-01-25T20:42:48+00:00"
        }
    ],
    "packages-dev": [],
    "aliases": [],
    "minimum-stability": "stable",
    "stability-flags": [],
    "prefer-stable": false,
    "prefer-lowest": false,
    "platform": [],
    "platform-dev": [],
    "plugin-api-version": "1.1.0"
}
